
Microsoft Visual Studio Solution File, Format Version 12.00
Project("{FAE04EC0-301F-11D3-BF4B-00C04F79EFBC}") = "AxisCamerasViewer", "AxisCamerasViewer\AxisCamerasViewer.csproj", "{A816C9EC-D0D1-41FE-ADA9-8FECE14E39F3}"
EndProject
Project("{FAE04EC0-301F-11D3-BF4B-00C04F79EFBC}") = "AxisCamerasViewer.Tests", "AxisCamerasViewer.Tests\AxisCamerasViewer.Tests.csproj", "{60744DE7-7D42-41C9-822F-C68ED6D7D55C}"
EndProject
Global
	GlobalSection(SolutionConfigurationPlatforms) = preSolution
		Debug|Any CPU = Debug|Any CPU
		Release|Any CPU = Release|Any CPU
	EndGlobalSection
	GlobalSection(ProjectConfigurationPlatforms) = postSolution
		{A816C9EC-D0D1-41FE-ADA9-8FECE14E39F3}.Debug|Any CPU.ActiveCfg = Debug|Any CPU
		{A816C9EC-D0D1-41FE-ADA9-8FECE14E39F3}.Debug|Any CPU.Build.0 = Debug|Any CPU
		{A816C9EC-D0D1-41FE-ADA9-8FECE14E39F3}.Release|Any CPU.ActiveCfg = Release|Any CPU
		{A816C9EC-D0D1-41FE-ADA9-8FECE14E39F3}.Release|Any CPU.Build.0 = Release|Any CPU
		{60744DE7-7D42-41C9-822F-C68ED6D7D55C}.Debug|Any CPU.ActiveCfg = Debug|Any CPU
		{60744DE7-7D42-41C9-822F-C68ED6D7D55C}.Debug|Any CPU.Build.0 = Debug|Any CPU
		{60744DE7-7D42-41C9-822F-C68ED6D7D55C}.Release|Any CPU.ActiveCfg = Release|Any CPU
		{60744DE7-7D42-41C9-822F-C68ED6D7D55C}.Release|Any CPU.Build.0 = Release|Any CPU
	EndGlobalSection
EndGlobal
